github.com/pierrec/lz4/v4 v4.1.22 h1:cKFw6uJDK+/gfw5BcDL0JL5aBsAFdsIT18eRtLj7VIU=
github.com/pierrec/lz4/v4 v4.1.22/go.mod h1:gZWDp/Ze/IJXGXf23ltt2EXimqmTUXEy0GFuRQyBid4=
github.com/shamaton/msgpack/v2 v2.3.1 h1:R3QNLIGA/tbdczNMZ5PCRxrXvy+fnzsIaHG4kKMgWYo=
github.com/shamaton/msgpack/v2 v2.3.1/go.mod h1:6khjYnkx73f7VQU7wjcFS9DFjs+59naVWJv1TB7qdOI=
